// !$*UTF8*$!
{
	archiveVersion = 1;
	classes = {
	};
	objectVersion = 46;
	objects = {

/* Begin PBXBuildFile section */
		25E3FE001D8185F500574EE5 /* main.c in Sources */ = {isa = PBXBuildFile; fileRef = 25E3FDFF1D8185F500574EE5 /* main.c */; };
		25E3FE071D81861D00574EE5 /* 08-09-2016.c in Sources */ = {isa = PBXBuildFile; fileRef = 25E3FE061D81861D00574EE5 /* 08-09-2016.c */; };
/* End PBXBuildFile section */

/* Begin PBXCopyFilesBuildPhase section */
		25E3FDFA1D8185F500574EE5 /* CopyFiles */ = {
			isa = PBXCopyFilesBuildPhase;
			buildActionMask = 2147483647;
			dstPath = /usr/share/man/man1/;
			dstSubfolderSpec = 0;
			files = (
			);
			runOnlyForDeploymentPostprocessing = 1;
		};
/* End PBXCopyFilesBuildPhase section */

/* Begin PBXFileReference section */
		25E3FDFC1D8185F500574EE5 /* ProgrammingWithC */ = {isa = PBXFileReference; explicitFileType = "compiled.mach-o.executable"; includeInIndex = 0; path = ProgrammingWithC; sourceTree = BUILT_PRODUCTS_DIR; };
		25E3FDFF1D8185F500574EE5 /* main.c */ = {isa = PBXFileReference; lastKnownFileType = sourcecode.c.c; path = main.c; sourceTree = "<group>"; };
		25E3FE061D81861D00574EE5 /* 08-09-2016.c */ = {isa = PBXFileReference; fileEncoding = 4; lastKnownFileType = sourcecode.c.c; path = "08-09-2016.c"; sourceTree = "<group>"; };
/* End PBXFileReference section */

/* Begin PBXFrameworksBuildPhase section */
		25E3FDF91D8185F500574EE5 /* Frameworks */ = {
			isa = PBXFrameworksBuildPhase;
			buildActionMask = 2147483647;
			files = (
			);
			runOnlyForDeploymentPostprocessing = 0;
		};
/* End PBXFrameworksBuildPhase section */

/* Begin PBXGroup section */
		25E3FDF31D8185F500574EE5 = {
			isa = PBXGroup;
			children = (
				25E3FDFE1D8185F500574EE5 /* ProgrammingWithC */,
				25E3FDFD1D8185F500574EE5 /* Products */,
			);
			sourceTree = "<group>";
		};
		25E3FDFD1D8185F500574EE5 /* Products */ = {
			isa = PBXGroup;
			children = (
				25E3FDFC1D8185F500574EE5 /* ProgrammingWithC */,
			);
			name = Products;
			sourceTree = "<group>";
		};
		25E3FDFE1D8185F500574EE5 /* ProgrammingWithC */ = {
			isa = PBXGroup;
			children = (
				25E3FDFF1D8185F500574EE5 /* main.c */,
				25E3FE061D81861D00574EE5 /* 08-09-2016.c */,
			);
			path = ProgrammingWithC;
			sourceTree = "<group>";
		};
/* End PBXGroup section */

/* Begin PBXNativeTarget section */
		25E3FDFB1D8185F500574EE5 /* ProgrammingWithC */ = {
			isa = PBXNativeTarget;
			buildConfigurationList = 25E3FE031D8185F500574EE5 /* Build configuration list for PBXNativeTarget "ProgrammingWithC" */;
			buildPhases = (
				25E3FDF81D8185F500574EE5 /* Sources */,
				25E3FDF91D8185F500574EE5 /* Frameworks */,
				25E3FDFA1D8185F500574EE5 /* CopyFiles */,
			);
			buildRules = (
			);
			dependencies = (
			);
			name = ProgrammingWithC;
			productName = ProgrammingWithC;
			productReference = 25E3FDFC1D8185F500574EE5 /* ProgrammingWithC */;
			productType = "com.apple.product-type.tool";
		};
/* End PBXNativeTarget section */

/* Begin PBXProject section */
		25E3FDF41D8185F500574EE5 /* Project object */ = {
			isa = PBXProject;
			attributes = {
				LastUpgradeCheck = 0800;
				ORGANIZATIONNAME = "Кирилл Аверкиев";
				TargetAttributes = {
					25E3FDFB1D8185F500574EE5 = {
						CreatedOnToolsVersion = 8.0;
						DevelopmentTeam = 9YM229TRTM;
						ProvisioningStyle = Automatic;
					};
				};
			};
			buildConfigurationList = 25E3FDF71D8185F500574EE5 /* Build configuration list for PBXProject "ProgrammingWithC" */;
			compatibilityVersion = "Xcode 3.2";
			developmentRegion = English;
			hasScannedForEncodings = 0;
			knownRegions = (
				en,
			);
			mainGroup = 25E3FDF31D8185F500574EE5;
			productRefGroup = 25E3FDFD1D8185F500574EE5 /* Products */;
			projectDirPath = "";
			projectRoot = "";
			targets = (
				25E3FDFB1D8185F500574EE5 /* ProgrammingWithC */,
			);
		};
/* End PBXProject section */

/* Begin PBXSourcesBuildPhase section */
		25E3FDF81D8185F500574EE5 /* Sources */ = {
			isa = PBXSourcesBuildPhase;
			buildActionMask = 2147483647;
			files = (
				25E3FE001D8185F500574EE5 /* main.c in Sources */,
				25E3FE071D81861D00574EE5 /* 08-09-2016.c in Sources */,
			);
			runOnlyForDeploymentPostprocessing = 0;
		};
/* End PBXSourcesBuildPhase section */

/* Begin XCBuildConfiguration section */
		25E3FE011D8185F500574EE5 /* Debug */ = {
			isa = XCBuildConfiguration;
			buildSettings = {
				ALWAYS_SEARCH_USER_PATHS = NO;
				CLANG_ANALYZER_NONNULL = YES;
				CLANG_CXX_LANGUAGE_STANDARD = "gnu++0x";
				CLANG_CXX_LIBRARY = "libc++";
				CLANG_ENABLE_MODULES = YES;
				CLANG_ENABLE_OBJC_ARC = YES;
				CLANG_WARN_BOOL_CONVERSION = YES;
				CLANG_WARN_CONSTANT_CONVERSION = YES;
				CLANG_WARN_DIRECT_OBJC_ISA_USAGE = YES_ERROR;
				CLANG_WARN_DOCUMENTATION_COMMENTS = YES;
				CLANG_WARN_EMPTY_BODY = YES;
				CLANG_WARN_ENUM_CONVERSION = YES;
				CLANG_WARN_INFINITE_RECURSION = YES;
				CLANG_WARN_INT_CONVERSION = YES;
				CLANG_WARN_OBJC_ROOT_CLASS = YES_ERROR;
				CLANG_WARN_SUSPICIOUS_MOVES = YES;
				CLANG_WARN_UNREACHABLE_CODE = YES;
				CLANG_WARN__DUPLICATE_METHOD_MATCH = YES;
				CODE_SIGN_IDENTITY = "-";
				COPY_PHASE_STRIP = NO;
				DEBUG_INFORMATION_FORMAT = dwarf;
				ENABLE_STRICT_OBJC_MSGSEND = YES;
				ENABLE_TESTABILITY = YES;
				GCC_C_LANGUAGE_STANDARD = gnu99;
				GCC_DYNAMIC_NO_PIC = NO;
				GCC_NO_COMMON_BLOCKS = YES;
				GCC_OPTIMIZATION_LEVEL = 0;
				GCC_PREPROCESSOR_DEFINITIONS = (
					"DEBUG=1",
					"$(inherited)",
				);
				GCC_WARN_64_TO_32_BIT_CONVERSION = YES;
				GCC_WARN_ABOUT_RETURN_TYPE = YES_ERROR;
				GCC_WARN_UNDECLARED_SELECTOR = YES;
				GCC_WARN_UNINITIALIZED_AUTOS = YES_AGGRESSIVE;
				GCC_WARN_UNUSED_FUNCTION = YES;
				GCC_WARN_UNUSED_VARIABLE = YES;
				MACOSX_DEPLOYMENT_TARGET = 10.11;
				MTL_ENABLE_DEBUG_INFO = YES;
				ONLY_ACTIVE_ARCH = YES;
				SDKROOT = macosx;
			};
			name = Debug;
		};
		25E3FE021D8185F500574EE5 /* Release */ = {
			isa = XCBuildConfiguration;
			buildSettings = {
				ALWAYS_SEARCH_USER_PATHS = NO;
				CLANG_ANALYZER_NONNULL = YES;
				CLANG_CXX_LANGUAGE_STANDARD = "gnu++0x";
				CLANG_CXX_LIBRARY = "libc++";
				CLANG_ENABLE_MODULES = YES;
				CLANG_ENABLE_OBJC_ARC = YES;
				CLANG_WARN_BOOL_CONVERSION = YES;
				CLANG_WARN_CONSTANT_CONVERSION = YES;
				CLANG_WARN_DIRECT_OBJC_ISA_USAGE = YES_ERROR;
				CLANG_WARN_DOCUMENTATION_COMMENTS = YES;
				CLANG_WARN_EMPTY_BODY = YES;
				CLANG_WARN_ENUM_CONVERSION = YES;
				CLANG_WARN_INFINITE_RECURSION = YES;
				CLANG_WARN_INT_CONVERSION = YES;
				CLANG_WARN_OBJC_ROOT_CLASS = YES_ERROR;
				CLANG_WARN_SUSPICIOUS_MOVES = YES;
				CLANG_WARN_UNREACHABLE_CODE = YES;
				CLANG_WARN__DUPLICATE_METHOD_MATCH = YES;
				CODE_SIGN_IDENTITY = "-";
				COPY_PHASE_STRIP = NO;
				DEBUG_INFORMATION_FORMAT = "dwarf-with-dsym";
				ENABLE_NS_ASSERTIONS = NO;
				ENABLE_STRICT_OBJC_MSGSEND = YES;
				GCC_C_LANGUAGE_STANDARD = gnu99;
				GCC_NO_COMMON_BLOCKS = YES;
				GCC_WARN_64_TO_32_BIT_CONVERSION = YES;
				GCC_WARN_ABOUT_RETURN_TYPE = YES_ERROR;
				GCC_WARN_UNDECLARED_SELECTOR = YES;
				GCC_WARN_UNINITIALIZED_AUTOS = YES_AGGRESSIVE;
				GCC_WARN_UNUSED_FUNCTION = YES;
				GCC_WARN_UNUSED_VARIABLE = YES;
				MACOSX_DEPLOYMENT_TARGET = 10.11;
				MTL_ENABLE_DEBUG_INFO = NO;
				SDKROOT = macosx;
			};
			name = Release;
		};
		25E3FE041D8185F500574EE5 /* Debug */ = {
			isa = XCBuildConfiguration;
			buildSettings = {
				CODE_SIGN_IDENTITY = "Mac Developer";
				DEVELOPMENT_TEAM = 9YM229TRTM;
				GCC_C_LANGUAGE_STANDARD = c89;
				OTHER_CFLAGS = "-pedantic-errors";
				PRODUCT_NAME = "$(TARGET_NAME)";
			};
			name = Debug;
		};
		25E3FE051D8185F500574EE5 /* Release */ = {
			isa = XCBuildConfiguration;
			buildSettings = {
				CODE_SIGN_IDENTITY = "Mac Developer";
				DEVELOPMENT_TEAM = 9YM229TRTM;
				GCC_C_LANGUAGE_STANDARD = c89;
				OTHER_CFLAGS = "-pedantic-errors";
				PRODUCT_NAME = "$(TARGET_NAME)";
			};
			name = Release;
		};
/* End XCBuildConfiguration section */

/* Begin XCConfigurationList section */
		25E3FDF71D8185F500574EE5 /* Build configuration list for PBXProject "ProgrammingWithC" */ = {
			isa = XCConfigurationList;
			buildConfigurations = (
				25E3FE011D8185F500574EE5 /* Debug */,
				25E3FE021D8185F500574EE5 /* Release */,
			);
			defaultConfigurationIsVisible = 0;
			defaultConfigurationName = Release;
		};
		25E3FE031D8185F500574EE5 /* Build configuration list for PBXNativeTarget "ProgrammingWithC" */ = {
			isa = XCConfigurationList;
			buildConfigurations = (
				25E3FE041D8185F500574EE5 /* Debug */,
				25E3FE051D8185F500574EE5 /* Release */,
			);
			defaultConfigurationIsVisible = 0;
		};
/* End XCConfigurationList section */
	};
	rootObject = 25E3FDF41D8185F500574EE5 /* Project object */;
}
